// !$*UTF8*$!
{
	archiveVersion = 1;
	classes = {
	};
	objectVersion = 56;
	objects = {

/* Begin PBXBuildFile section */
		1810D8C62C4A5DBE00DA90B7 /* BaseViewController.swift in Sources */ = {isa = PBXBuildFile; fileRef = 1810D8C52C4A5DBE00DA90B7 /* BaseViewController.swift */; };
		1810D8C82C4A5E1600DA90B7 /* HomeViewController.swift in Sources */ = {isa = PBXBuildFile; fileRef = 1810D8C72C4A5E1600DA90B7 /* HomeViewController.swift */; };
		1810D8CA2C4A5E2700DA90B7 /* LaunchViewController.swift in Sources */ = {isa = PBXBuildFile; fileRef = 1810D8C92C4A5E2700DA90B7 /* LaunchViewController.swift */; };
		1810D8CC2C4A6B5800DA90B7 /* BBConfig.swift in Sources */ = {isa = PBXBuildFile; fileRef = 1810D8CB2C4A6B5800DA90B7 /* BBConfig.swift */; };
		1810D8D12C4A6C3200DA90B7 /* BBCommonView.swift in Sources */ = {isa = PBXBuildFile; fileRef = 1810D8D02C4A6C3200DA90B7 /* BBCommonView.swift */; };
		1810D8D32C4A6D2B00DA90B7 /* BBLaunchView.swift in Sources */ = {isa = PBXBuildFile; fileRef = 1810D8D22C4A6D2B00DA90B7 /* BBLaunchView.swift */; };
		1810D8D72C4A6F8B00DA90B7 /* Mont-Heavy.ttf in Resources */ = {isa = PBXBuildFile; fileRef = 1810D8D52C4A6F8B00DA90B7 /* Mont-Heavy.ttf */; };
		1810D8D82C4A6F8B00DA90B7 /* Mont-Regular.ttf in Resources */ = {isa = PBXBuildFile; fileRef = 1810D8D62C4A6F8B00DA90B7 /* Mont-Regular.ttf */; };
		1810D8DA2C4E2B5A00DA90B7 /* BBIDViewController.swift in Sources */ = {isa = PBXBuildFile; fileRef = 1810D8D92C4E2B5A00DA90B7 /* BBIDViewController.swift */; };
		1810D8DC2C4E2B7400DA90B7 /* BBIDPopView.swift in Sources */ = {isa = PBXBuildFile; fileRef = 1810D8DB2C4E2B7400DA90B7 /* BBIDPopView.swift */; };
		1810D8DE2C4E463B00DA90B7 /* BBIDView.swift in Sources */ = {isa = PBXBuildFile; fileRef = 1810D8DD2C4E463B00DA90B7 /* BBIDView.swift */; };
		1810D8E02C4E48E600DA90B7 /* BaseNavController.swift in Sources */ = {isa = PBXBuildFile; fileRef = 1810D8DF2C4E48E600DA90B7 /* BaseNavController.swift */; };
		18C426EB2C4A569D00A735A6 /* AppDelegate.swift in Sources */ = {isa = PBXBuildFile; fileRef = 18C426EA2C4A569D00A735A6 /* AppDelegate.swift */; };
		18C426F42C4A569E00A735A6 /* Assets.xcassets in Resources */ = {isa = PBXBuildFile; fileRef = 18C426F32C4A569E00A735A6 /* Assets.xcassets */; };
		18C426F72C4A569E00A735A6 /* Base in Resources */ = {isa = PBXBuildFile; fileRef = 18C426F62C4A569E00A735A6 /* Base */; };
		18EAAAD62C576AE1000C4895 /* BillsViewController.swift in Sources */ = {isa = PBXBuildFile; fileRef = 18EAAAD52C576AE1000C4895 /* BillsViewController.swift */; };
		18EAAADA2C576B11000C4895 /* GeRenViewController.swift in Sources */ = {isa = PBXBuildFile; fileRef = 18EAAAD92C576B11000C4895 /* GeRenViewController.swift */; };
		18EAAADC2C576B4B000C4895 /* CLTabBarViewController.swift in Sources */ = {isa = PBXBuildFile; fileRef = 18EAAADB2C576B4B000C4895 /* CLTabBarViewController.swift */; };
		18EAAADE2C576F6F000C4895 /* CLNavigationViewController.swift in Sources */ = {isa = PBXBuildFile; fileRef = 18EAAADD2C576F6F000C4895 /* CLNavigationViewController.swift */; };
		18EAAAE02C57741F000C4895 /* LoginViewController.swift in Sources */ = {isa = PBXBuildFile; fileRef = 18EAAADF2C57741F000C4895 /* LoginViewController.swift */; };
		18EAAAE22C5774E2000C4895 /* BaseModel.swift in Sources */ = {isa = PBXBuildFile; fileRef = 18EAAAE12C5774E2000C4895 /* BaseModel.swift */; };
		18EAAAEE2C577971000C4895 /* LoginView.swift in Sources */ = {isa = PBXBuildFile; fileRef = 18EAAAED2C577971000C4895 /* LoginView.swift */; };
		18EAAAF02C58D5B1000C4895 /* ApiUrlConfig.swift in Sources */ = {isa = PBXBuildFile; fileRef = 18EAAAEF2C58D5B1000C4895 /* ApiUrlConfig.swift */; };
		18EAAAF22C58D8D7000C4895 /* lottiodin.json in Resources */ = {isa = PBXBuildFile; fileRef = 18EAAAF12C58D8D7000C4895 /* lottiodin.json */; };
		44DD527AF83C6863218A93E2 /* Pods_CreditLoan.framework in Frameworks */ = {isa = PBXBuildFile; fileRef = 7B92A86CF3B5079EB3713561 /* Pods_CreditLoan.framework */; };
/* End PBXBuildFile section */

/* Begin PBXFileReference section */
		1810D8C52C4A5DBE00DA90B7 /* BaseViewController.swift */ = {isa = PBXFileReference; lastKnownFileType = sourcecode.swift; path = BaseViewController.swift; sourceTree = "<group>"; };
		1810D8C72C4A5E1600DA90B7 /* HomeViewController.swift */ = {isa = PBXFileReference; lastKnownFileType = sourcecode.swift; path = HomeViewController.swift; sourceTree = "<group>"; };
		1810D8C92C4A5E2700DA90B7 /* LaunchViewController.swift */ = {isa = PBXFileReference; lastKnownFileType = sourcecode.swift; path = LaunchViewController.swift; sourceTree = "<group>"; };
		1810D8CB2C4A6B5800DA90B7 /* BBConfig.swift */ = {isa = PBXFileReference; lastKnownFileType = sourcecode.swift; path = BBConfig.swift; sourceTree = "<group>"; };
		1810D8D02C4A6C3200DA90B7 /* BBCommonView.swift */ = {isa = PBXFileReference; lastKnownFileType = sourcecode.swift; path = BBCommonView.swift; sourceTree = "<group>"; };
		1810D8D22C4A6D2B00DA90B7 /* BBLaunchView.swift */ = {isa = PBXFileReference; lastKnownFileType = sourcecode.swift; path = BBLaunchView.swift; sourceTree = "<group>"; };
		1810D8D52C4A6F8B00DA90B7 /* Mont-Heavy.ttf */ = {isa = PBXFileReference; lastKnownFileType = file; path = "Mont-Heavy.ttf"; sourceTree = "<group>"; };
		1810D8D62C4A6F8B00DA90B7 /* Mont-Regular.ttf */ = {isa = PBXFileReference; lastKnownFileType = file; path = "Mont-Regular.ttf"; sourceTree = "<group>"; };
		1810D8D92C4E2B5A00DA90B7 /* BBIDViewController.swift */ = {isa = PBXFileReference; lastKnownFileType = sourcecode.swift; path = BBIDViewController.swift; sourceTree = "<group>"; };
		1810D8DB2C4E2B7400DA90B7 /* BBIDPopView.swift */ = {isa = PBXFileReference; lastKnownFileType = sourcecode.swift; path = BBIDPopView.swift; sourceTree = "<group>"; };
		1810D8DD2C4E463B00DA90B7 /* BBIDView.swift */ = {isa = PBXFileReference; lastKnownFileType = sourcecode.swift; path = BBIDView.swift; sourceTree = "<group>"; };
		1810D8DF2C4E48E600DA90B7 /* BaseNavController.swift */ = {isa = PBXFileReference; lastKnownFileType = sourcecode.swift; path = BaseNavController.swift; sourceTree = "<group>"; };
		18C426E72C4A569D00A735A6 /* CreditLoan.app */ = {isa = PBXFileReference; explicitFileType = wrapper.application; includeInIndex = 0; path = CreditLoan.app; sourceTree = BUILT_PRODUCTS_DIR; };
		18C426EA2C4A569D00A735A6 /* AppDelegate.swift */ = {isa = PBXFileReference; lastKnownFileType = sourcecode.swift; path = AppDelegate.swift; sourceTree = "<group>"; };
		18C426F32C4A569E00A735A6 /* Assets.xcassets */ = {isa = PBXFileReference; lastKnownFileType = folder.assetcatalog; path = Assets.xcassets; sourceTree = "<group>"; };
		18C426F62C4A569E00A735A6 /* Base */ = {isa = PBXFileReference; lastKnownFileType = file.storyboard; name = Base; path = Base.lproj/LaunchScreen.storyboard; sourceTree = "<group>"; };
		18C426F82C4A569E00A735A6 /* Info.plist */ = {isa = PBXFileReference; lastKnownFileType = text.plist.xml; path = Info.plist; sourceTree = "<group>"; };
		18EAAAD52C576AE1000C4895 /* BillsViewController.swift */ = {isa = PBXFileReference; lastKnownFileType = sourcecode.swift; path = BillsViewController.swift; sourceTree = "<group>"; };
		18EAAAD92C576B11000C4895 /* GeRenViewController.swift */ = {isa = PBXFileReference; lastKnownFileType = sourcecode.swift; path = GeRenViewController.swift; sourceTree = "<group>"; };
		18EAAADB2C576B4B000C4895 /* CLTabBarViewController.swift */ = {isa = PBXFileReference; lastKnownFileType = sourcecode.swift; path = CLTabBarViewController.swift; sourceTree = "<group>"; };
		18EAAADD2C576F6F000C4895 /* CLNavigationViewController.swift */ = {isa = PBXFileReference; lastKnownFileType = sourcecode.swift; path = CLNavigationViewController.swift; sourceTree = "<group>"; };
		18EAAADF2C57741F000C4895 /* LoginViewController.swift */ = {isa = PBXFileReference; lastKnownFileType = sourcecode.swift; path = LoginViewController.swift; sourceTree = "<group>"; };
		18EAAAE12C5774E2000C4895 /* BaseModel.swift */ = {isa = PBXFileReference; lastKnownFileType = sourcecode.swift; path = BaseModel.swift; sourceTree = "<group>"; };
		18EAAAED2C577971000C4895 /* LoginView.swift */ = {isa = PBXFileReference; lastKnownFileType = sourcecode.swift; path = LoginView.swift; sourceTree = "<group>"; };
		18EAAAEF2C58D5B1000C4895 /* ApiUrlConfig.swift */ = {isa = PBXFileReference; lastKnownFileType = sourcecode.swift; path = ApiUrlConfig.swift; sourceTree = "<group>"; };
		18EAAAF12C58D8D7000C4895 /* lottiodin.json */ = {isa = PBXFileReference; fileEncoding = 4; lastKnownFileType = text.json; path = lottiodin.json; sourceTree = "<group>"; };
		3013B547659B6C3D81055188 /* Pods-CreditLoan.debug.xcconfig */ = {isa = PBXFileReference; includeInIndex = 1; lastKnownFileType = text.xcconfig; name = "Pods-CreditLoan.debug.xcconfig"; path = "Target Support Files/Pods-CreditLoan/Pods-CreditLoan.debug.xcconfig"; sourceTree = "<group>"; };
		7B92A86CF3B5079EB3713561 /* Pods_CreditLoan.framework */ = {isa = PBXFileReference; explicitFileType = wrapper.framework; includeInIndex = 0; path = Pods_CreditLoan.framework; sourceTree = BUILT_PRODUCTS_DIR; };
		87FE9930486DD2219D156F0F /* Pods-CreditLoan.release.xcconfig */ = {isa = PBXFileReference; includeInIndex = 1; lastKnownFileType = text.xcconfig; name = "Pods-CreditLoan.release.xcconfig"; path = "Target Support Files/Pods-CreditLoan/Pods-CreditLoan.release.xcconfig"; sourceTree = "<group>"; };
/* End PBXFileReference section */

/* Begin PBXFrameworksBuildPhase section */
		18C426E42C4A569D00A735A6 /* Frameworks */ = {
			isa = PBXFrameworksBuildPhase;
			buildActionMask = 2147483647;
			files = (
				44DD527AF83C6863218A93E2 /* Pods_CreditLoan.framework in Frameworks */,
			);
			runOnlyForDeploymentPostprocessing = 0;
		};
/* End PBXFrameworksBuildPhase section */

/* Begin PBXGroup section */
		1810D8D42C4A6F6F00DA90B7 /* BBConfig */ = {
			isa = PBXGroup;
			children = (
				18EAAAF12C58D8D7000C4895 /* lottiodin.json */,
				1810D8D52C4A6F8B00DA90B7 /* Mont-Heavy.ttf */,
				1810D8D62C4A6F8B00DA90B7 /* Mont-Regular.ttf */,
				1810D8CB2C4A6B5800DA90B7 /* BBConfig.swift */,
				18EAAAE12C5774E2000C4895 /* BaseModel.swift */,
				1810D8D02C4A6C3200DA90B7 /* BBCommonView.swift */,
				18EAAAEF2C58D5B1000C4895 /* ApiUrlConfig.swift */,
			);
			path = BBConfig;
			sourceTree = "<group>";
		};
		18C426DE2C4A569D00A735A6 = {
			isa = PBXGroup;
			children = (
				18C426E92C4A569D00A735A6 /* CreditLoan */,
				18C426E82C4A569D00A735A6 /* Products */,
				B876A589A14FCA2403DE8E7C /* Pods */,
				F457FBFCFAF0BF47742AFAF2 /* Frameworks */,
			);
			sourceTree = "<group>";
		};
		18C426E82C4A569D00A735A6 /* Products */ = {
			isa = PBXGroup;
			children = (
				18C426E72C4A569D00A735A6 /* CreditLoan.app */,
			);
			name = Products;
			sourceTree = "<group>";
		};
		18C426E92C4A569D00A735A6 /* CreditLoan */ = {
			isa = PBXGroup;
			children = (
				18C426F82C4A569E00A735A6 /* Info.plist */,
				18EAAAE32C57758C000C4895 /* Main */,
				18EAAAE92C5775E2000C4895 /* Auth */,
				18EAAAE82C5775D3000C4895 /* Profile */,
				18EAAAE72C5775CC000C4895 /* Bills */,
				18EAAAE62C5775C7000C4895 /* Home */,
				18EAAAE52C57759C000C4895 /* Login */,
				18EAAAEA2C57766A000C4895 /* Frist */,
				18EAAAE42C577599000C4895 /* BaseVc */,
				1810D8D42C4A6F6F00DA90B7 /* BBConfig */,
			);
			path = CreditLoan;
			sourceTree = "<group>";
		};
		18EAAAE32C57758C000C4895 /* Main */ = {
			isa = PBXGroup;
			children = (
				18C426F32C4A569E00A735A6 /* Assets.xcassets */,
				18C426EA2C4A569D00A735A6 /* AppDelegate.swift */,
				18C426F52C4A569E00A735A6 /* LaunchScreen.storyboard */,
			);
			path = Main;
			sourceTree = "<group>";
		};
		18EAAAE42C577599000C4895 /* BaseVc */ = {
			isa = PBXGroup;
			children = (
				1810D8C52C4A5DBE00DA90B7 /* BaseViewController.swift */,
				1810D8DF2C4E48E600DA90B7 /* BaseNavController.swift */,
				18EAAADB2C576B4B000C4895 /* CLTabBarViewController.swift */,
				18EAAADD2C576F6F000C4895 /* CLNavigationViewController.swift */,
			);
			path = BaseVc;
			sourceTree = "<group>";
		};
		18EAAAE52C57759C000C4895 /* Login */ = {
			isa = PBXGroup;
			children = (
				18EAAAEC2C577953000C4895 /* View */,
				18EAAAEB2C577951000C4895 /* Controller */,
			);
			path = Login;
			sourceTree = "<group>";
		};
		18EAAAE62C5775C7000C4895 /* Home */ = {
			isa = PBXGroup;
			children = (
				1810D8C72C4A5E1600DA90B7 /* HomeViewController.swift */,
			);
			path = Home;
			sourceTree = "<group>";
		};
		18EAAAE72C5775CC000C4895 /* Bills */ = {
			isa = PBXGroup;
			children = (
				18EAAAD52C576AE1000C4895 /* BillsViewController.swift */,
			);
			path = Bills;
			sourceTree = "<group>";
		};
		18EAAAE82C5775D3000C4895 /* Profile */ = {
			isa = PBXGroup;
			children = (
				18EAAAD92C576B11000C4895 /* GeRenViewController.swift */,
			);
			path = Profile;
			sourceTree = "<group>";
		};
		18EAAAE92C5775E2000C4895 /* Auth */ = {
			isa = PBXGroup;
			children = (
				1810D8DB2C4E2B7400DA90B7 /* BBIDPopView.swift */,
				1810D8DD2C4E463B00DA90B7 /* BBIDView.swift */,
				1810D8D92C4E2B5A00DA90B7 /* BBIDViewController.swift */,
			);
			path = Auth;
			sourceTree = "<group>";
		};
		18EAAAEA2C57766A000C4895 /* Frist */ = {
			isa = PBXGroup;
			children = (
				1810D8D22C4A6D2B00DA90B7 /* BBLaunchView.swift */,
				1810D8C92C4A5E2700DA90B7 /* LaunchViewController.swift */,
			);
			path = Frist;
			sourceTree = "<group>";
		};
		18EAAAEB2C577951000C4895 /* Controller */ = {
			isa = PBXGroup;
			children = (
				18EAAADF2C57741F000C4895 /* LoginViewController.swift */,
			);
			path = Controller;
			sourceTree = "<group>";
		};
		18EAAAEC2C577953000C4895 /* View */ = {
			isa = PBXGroup;
			children = (
				18EAAAED2C577971000C4895 /* LoginView.swift */,
			);
			path = View;
			sourceTree = "<group>";
		};
		B876A589A14FCA2403DE8E7C /* Pods */ = {
			isa = PBXGroup;
			children = (
				3013B547659B6C3D81055188 /* Pods-CreditLoan.debug.xcconfig */,
				87FE9930486DD2219D156F0F /* Pods-CreditLoan.release.xcconfig */,
			);
			path = Pods;
			sourceTree = "<group>";
		};
		F457FBFCFAF0BF47742AFAF2 /* Frameworks */ = {
			isa = PBXGroup;
			children = (
				7B92A86CF3B5079EB3713561 /* Pods_CreditLoan.framework */,
			);
			name = Frameworks;
			sourceTree = "<group>";
		};
/* End PBXGroup section */

/* Begin PBXNativeTarget section */
		18C426E62C4A569D00A735A6 /* CreditLoan */ = {
			isa = PBXNativeTarget;
			buildConfigurationList = 18C426FB2C4A569E00A735A6 /* Build configuration list for PBXNativeTarget "CreditLoan" */;
			buildPhases = (
				6BAE2F15FC58024C24D9A68A /* [CP] Check Pods Manifest.lock */,
				18C426E32C4A569D00A735A6 /* Sources */,
				18C426E42C4A569D00A735A6 /* Frameworks */,
				18C426E52C4A569D00A735A6 /* Resources */,
				4534AC3375E1099109C928FC /* [CP] Embed Pods Frameworks */,
			);
			buildRules = (
			);
			dependencies = (
			);
			name = CreditLoan;
			productName = BuyLoan;
			productReference = 18C426E72C4A569D00A735A6 /* CreditLoan.app */;
			productType = "com.apple.product-type.application";
		};
/* End PBXNativeTarget section */

/* Begin PBXProject section */
		18C426DF2C4A569D00A735A6 /* Project object */ = {
			isa = PBXProject;
			attributes = {
				BuildIndependentTargetsInParallel = 1;
				LastSwiftUpdateCheck = 1540;
				LastUpgradeCheck = 1540;
				TargetAttributes = {
					18C426E62C4A569D00A735A6 = {
						CreatedOnToolsVersion = 15.4;
					};
				};
			};
			buildConfigurationList = 18C426E22C4A569D00A735A6 /* Build configuration list for PBXProject "CreditLoan" */;
			compatibilityVersion = "Xcode 14.0";
			developmentRegion = en;
			hasScannedForEncodings = 0;
			knownRegions = (
				en,
				Base,
			);
			mainGroup = 18C426DE2C4A569D00A735A6;
			productRefGroup = 18C426E82C4A569D00A735A6 /* Products */;
			projectDirPath = "";
			projectRoot = "";
			targets = (
				18C426E62C4A569D00A735A6 /* CreditLoan */,
			);
		};
/* End PBXProject section */

/* Begin PBXResourcesBuildPhase section */
		18C426E52C4A569D00A735A6 /* Resources */ = {
			isa = PBXResourcesBuildPhase;
			buildActionMask = 2147483647;
			files = (
				1810D8D72C4A6F8B00DA90B7 /* Mont-Heavy.ttf in Resources */,
				1810D8D82C4A6F8B00DA90B7 /* Mont-Regular.ttf in Resources */,
				18EAAAF22C58D8D7000C4895 /* lottiodin.json in Resources */,
				18C426F42C4A569E00A735A6 /* Assets.xcassets in Resources */,
				18C426F72C4A569E00A735A6 /* Base in Resources */,
			);
			runOnlyForDeploymentPostprocessing = 0;
		};
/* End PBXResourcesBuildPhase section */

/* Begin PBXShellScriptBuildPhase section */
		4534AC3375E1099109C928FC /* [CP] Embed Pods Frameworks */ = {
			isa = PBXShellScriptBuildPhase;
			buildActionMask = 2147483647;
			files = (
			);
			inputFileListPaths = (
				"${PODS_ROOT}/Target Support Files/Pods-CreditLoan/Pods-CreditLoan-frameworks-${CONFIGURATION}-input-files.xcfilelist",
			);
			name = "[CP] Embed Pods Frameworks";
			outputFileListPaths = (
				"${PODS_ROOT}/Target Support Files/Pods-CreditLoan/Pods-CreditLoan-frameworks-${CONFIGURATION}-output-files.xcfilelist",
			);
			runOnlyForDeploymentPostprocessing = 0;
			shellPath = /bin/sh;
			shellScript = "\"${PODS_ROOT}/Target Support Files/Pods-CreditLoan/Pods-CreditLoan-frameworks.sh\"\n";
			showEnvVarsInLog = 0;
		};
		6BAE2F15FC58024C24D9A68A /* [CP] Check Pods Manifest.lock */ = {
			isa = PBXShellScriptBuildPhase;
			buildActionMask = 2147483647;
			files = (
			);
			inputFileListPaths = (
			);
			inputPaths = (
				"${PODS_PODFILE_DIR_PATH}/Podfile.lock",
				"${PODS_ROOT}/Manifest.lock",
			);
			name = "[CP] Check Pods Manifest.lock";
			outputFileListPaths = (
			);
			outputPaths = (
				"$(DERIVED_FILE_DIR)/Pods-CreditLoan-checkManifestLockResult.txt",
			);
			runOnlyForDeploymentPostprocessing = 0;
			shellPath = /bin/sh;
			shellScript = "diff \"${PODS_PODFILE_DIR_PATH}/Podfile.lock\" \"${PODS_ROOT}/Manifest.lock\" > /dev/null\nif [ $? != 0 ] ; then\n    # print error to STDERR\n    echo \"error: The sandbox is not in sync with the Podfile.lock. Run 'pod install' or update your CocoaPods installation.\" >&2\n    exit 1\nfi\n# This output is used by Xcode 'outputs' to avoid re-running this script phase.\necho \"SUCCESS\" > \"${SCRIPT_OUTPUT_FILE_0}\"\n";
			showEnvVarsInLog = 0;
		};
/* End PBXShellScriptBuildPhase section */

/* Begin PBXSourcesBuildPhase section */
		18C426E32C4A569D00A735A6 /* Sources */ = {
			isa = PBXSourcesBuildPhase;
			buildActionMask = 2147483647;
			files = (
				18EAAAF02C58D5B1000C4895 /* ApiUrlConfig.swift in Sources */,
				1810D8CC2C4A6B5800DA90B7 /* BBConfig.swift in Sources */,
				1810D8DC2C4E2B7400DA90B7 /* BBIDPopView.swift in Sources */,
				18C426EB2C4A569D00A735A6 /* AppDelegate.swift in Sources */,
				1810D8C62C4A5DBE00DA90B7 /* BaseViewController.swift in Sources */,
				1810D8DA2C4E2B5A00DA90B7 /* BBIDViewController.swift in Sources */,
				1810D8DE2C4E463B00DA90B7 /* BBIDView.swift in Sources */,
				1810D8D12C4A6C3200DA90B7 /* BBCommonView.swift in Sources */,
				1810D8E02C4E48E600DA90B7 /* BaseNavController.swift in Sources */,
				1810D8D32C4A6D2B00DA90B7 /* BBLaunchView.swift in Sources */,
				18EAAAD62C576AE1000C4895 /* BillsViewController.swift in Sources */,
				1810D8C82C4A5E1600DA90B7 /* HomeViewController.swift in Sources */,
				18EAAAE22C5774E2000C4895 /* BaseModel.swift in Sources */,
				18EAAAEE2C577971000C4895 /* LoginView.swift in Sources */,
				18EAAADC2C576B4B000C4895 /* CLTabBarViewController.swift in Sources */,
				18EAAAE02C57741F000C4895 /* LoginViewController.swift in Sources */,
				18EAAADE2C576F6F000C4895 /* CLNavigationViewController.swift in Sources */,
				18EAAADA2C576B11000C4895 /* GeRenViewController.swift in Sources */,
				1810D8CA2C4A5E2700DA90B7 /* LaunchViewController.swift in Sources */,
			);
			runOnlyForDeploymentPostprocessing = 0;
		};
/* End PBXSourcesBuildPhase section */

/* Begin PBXVariantGroup section */
		18C426F52C4A569E00A735A6 /* LaunchScreen.storyboard */ = {
			isa = PBXVariantGroup;
			children = (
				18C426F62C4A569E00A735A6 /* Base */,
			);
			name = LaunchScreen.storyboard;
			sourceTree = "<group>";
		};
/* End PBXVariantGroup section */

/* Begin XCBuildConfiguration section */
		18C426F92C4A569E00A735A6 /* Debug */ = {
			isa = XCBuildConfiguration;
			buildSettings = {
				ALWAYS_SEARCH_USER_PATHS = NO;
				ASSETCATALOG_COMPILER_GENERATE_SWIFT_ASSET_SYMBOL_EXTENSIONS = YES;
				CLANG_ANALYZER_NONNULL = YES;
				CLANG_ANALYZER_NUMBER_OBJECT_CONVERSION = YES_AGGRESSIVE;
				CLANG_CXX_LANGUAGE_STANDARD = "gnu++20";
				CLANG_ENABLE_MODULES = YES;
				CLANG_ENABLE_OBJC_ARC = YES;
				CLANG_ENABLE_OBJC_WEAK = YES;
				CLANG_WARN_BLOCK_CAPTURE_AUTORELEASING = YES;
				CLANG_WARN_BOOL_CONVERSION = YES;
				CLANG_WARN_COMMA = YES;
				CLANG_WARN_CONSTANT_CONVERSION = YES;
				CLANG_WARN_DEPRECATED_OBJC_IMPLEMENTATIONS = YES;
				CLANG_WARN_DIRECT_OBJC_ISA_USAGE = YES_ERROR;
				CLANG_WARN_DOCUMENTATION_COMMENTS = YES;
				CLANG_WARN_EMPTY_BODY = YES;
				CLANG_WARN_ENUM_CONVERSION = YES;
				CLANG_WARN_INFINITE_RECURSION = YES;
				CLANG_WARN_INT_CONVERSION = YES;
				CLANG_WARN_NON_LITERAL_NULL_CONVERSION = YES;
				CLANG_WARN_OBJC_IMPLICIT_RETAIN_SELF = YES;
				CLANG_WARN_OBJC_LITERAL_CONVERSION = YES;
				CLANG_WARN_OBJC_ROOT_CLASS = YES_ERROR;
				CLANG_WARN_QUOTED_INCLUDE_IN_FRAMEWORK_HEADER = YES;
				CLANG_WARN_RANGE_LOOP_ANALYSIS = YES;
				CLANG_WARN_STRICT_PROTOTYPES = YES;
				CLANG_WARN_SUSPICIOUS_MOVE = YES;
				CLANG_WARN_UNGUARDED_AVAILABILITY = YES_AGGRESSIVE;
				CLANG_WARN_UNREACHABLE_CODE = YES;
				CLANG_WARN__DUPLICATE_METHOD_MATCH = YES;
				COPY_PHASE_STRIP = NO;
				DEBUG_INFORMATION_FORMAT = dwarf;
				ENABLE_STRICT_OBJC_MSGSEND = YES;
				ENABLE_TESTABILITY = YES;
				ENABLE_USER_SCRIPT_SANDBOXING = YES;
				GCC_C_LANGUAGE_STANDARD = gnu17;
				GCC_DYNAMIC_NO_PIC = NO;
				GCC_NO_COMMON_BLOCKS = YES;
				GCC_OPTIMIZATION_LEVEL = 0;
				GCC_PREPROCESSOR_DEFINITIONS = (
					"DEBUG=1",
					"$(inherited)",
				);
				GCC_WARN_64_TO_32_BIT_CONVERSION = YES;
				GCC_WARN_ABOUT_RETURN_TYPE = YES_ERROR;
				GCC_WARN_UNDECLARED_SELECTOR = YES;
				GCC_WARN_UNINITIALIZED_AUTOS = YES_AGGRESSIVE;
				GCC_WARN_UNUSED_FUNCTION = YES;
				GCC_WARN_UNUSED_VARIABLE = YES;
				IPHONEOS_DEPLOYMENT_TARGET = 17.5;
				LOCALIZATION_PREFERS_STRING_CATALOGS = YES;
				MTL_ENABLE_DEBUG_INFO = INCLUDE_SOURCE;
				MTL_FAST_MATH = YES;
				ONLY_ACTIVE_ARCH = YES;
				SDKROOT = iphoneos;
				SWIFT_ACTIVE_COMPILATION_CONDITIONS = "DEBUG $(inherited)";
				SWIFT_OPTIMIZATION_LEVEL = "-Onone";
			};
			name = Debug;
		};
		18C426FA2C4A569E00A735A6 /* Release */ = {
			isa = XCBuildConfiguration;
			buildSettings = {
				ALWAYS_SEARCH_USER_PATHS = NO;
				ASSETCATALOG_COMPILER_GENERATE_SWIFT_ASSET_SYMBOL_EXTENSIONS = YES;
				CLANG_ANALYZER_NONNULL = YES;
				CLANG_ANALYZER_NUMBER_OBJECT_CONVERSION = YES_AGGRESSIVE;
				CLANG_CXX_LANGUAGE_STANDARD = "gnu++20";
				CLANG_ENABLE_MODULES = YES;
				CLANG_ENABLE_OBJC_ARC = YES;
				CLANG_ENABLE_OBJC_WEAK = YES;
				CLANG_WARN_BLOCK_CAPTURE_AUTORELEASING = YES;
				CLANG_WARN_BOOL_CONVERSION = YES;
				CLANG_WARN_COMMA = YES;
				CLANG_WARN_CONSTANT_CONVERSION = YES;
				CLANG_WARN_DEPRECATED_OBJC_IMPLEMENTATIONS = YES;
				CLANG_WARN_DIRECT_OBJC_ISA_USAGE = YES_ERROR;
				CLANG_WARN_DOCUMENTATION_COMMENTS = YES;
				CLANG_WARN_EMPTY_BODY = YES;
				CLANG_WARN_ENUM_CONVERSION = YES;
				CLANG_WARN_INFINITE_RECURSION = YES;
				CLANG_WARN_INT_CONVERSION = YES;
				CLANG_WARN_NON_LITERAL_NULL_CONVERSION = YES;
				CLANG_WARN_OBJC_IMPLICIT_RETAIN_SELF = YES;
				CLANG_WARN_OBJC_LITERAL_CONVERSION = YES;
				CLANG_WARN_OBJC_ROOT_CLASS = YES_ERROR;
				CLANG_WARN_QUOTED_INCLUDE_IN_FRAMEWORK_HEADER = YES;
				CLANG_WARN_RANGE_LOOP_ANALYSIS = YES;
				CLANG_WARN_STRICT_PROTOTYPES = YES;
				CLANG_WARN_SUSPICIOUS_MOVE = YES;
				CLANG_WARN_UNGUARDED_AVAILABILITY = YES_AGGRESSIVE;
				CLANG_WARN_UNREACHABLE_CODE = YES;
				CLANG_WARN__DUPLICATE_METHOD_MATCH = YES;
				COPY_PHASE_STRIP = NO;
				DEBUG_INFORMATION_FORMAT = "dwarf-with-dsym";
				ENABLE_NS_ASSERTIONS = NO;
				ENABLE_STRICT_OBJC_MSGSEND = YES;
				ENABLE_USER_SCRIPT_SANDBOXING = YES;
				GCC_C_LANGUAGE_STANDARD = gnu17;
				GCC_NO_COMMON_BLOCKS = YES;
				GCC_WARN_64_TO_32_BIT_CONVERSION = YES;
				GCC_WARN_ABOUT_RETURN_TYPE = YES_ERROR;
				GCC_WARN_UNDECLARED_SELECTOR = YES;
				GCC_WARN_UNINITIALIZED_AUTOS = YES_AGGRESSIVE;
				GCC_WARN_UNUSED_FUNCTION = YES;
				GCC_WARN_UNUSED_VARIABLE = YES;
				IPHONEOS_DEPLOYMENT_TARGET = 17.5;
				LOCALIZATION_PREFERS_STRING_CATALOGS = YES;
				MTL_ENABLE_DEBUG_INFO = NO;
				MTL_FAST_MATH = YES;
				SDKROOT = iphoneos;
				SWIFT_COMPILATION_MODE = wholemodule;
				VALIDATE_PRODUCT = YES;
			};
			name = Release;
		};
		18C426FC2C4A569E00A735A6 /* Debug */ = {
			isa = XCBuildConfiguration;
			baseConfigurationReference = 3013B547659B6C3D81055188 /* Pods-CreditLoan.debug.xcconfig */;
			buildSettings = {
				ASSETCATALOG_COMPILER_APPICON_NAME = AppIcon;
				ASSETCATALOG_COMPILER_GLOBAL_ACCENT_COLOR_NAME = AccentColor;
				"CODE_SIGN_IDENTITY[sdk=iphoneos*]" = "iPhone Developer";
				CODE_SIGN_STYLE = Manual;
				CURRENT_PROJECT_VERSION = 1;
				DEVELOPMENT_TEAM = "";
				"DEVELOPMENT_TEAM[sdk=iphoneos*]" = 2F6XZMZ52M;
				ENABLE_USER_SCRIPT_SANDBOXING = NO;
				GENERATE_INFOPLIST_FILE = YES;
				INFOPLIST_FILE = CreditLoan/Info.plist;
				INFOPLIST_KEY_CFBundleDisplayName = "Credit Loan";
				INFOPLIST_KEY_UIApplicationSupportsIndirectInputEvents = YES;
				INFOPLIST_KEY_UILaunchStoryboardName = LaunchScreen;
				INFOPLIST_KEY_UISupportedInterfaceOrientations = UIInterfaceOrientationPortrait;
				INFOPLIST_KEY_UISupportedInterfaceOrientations_iPad = "UIInterfaceOrientationLandscapeLeft UIInterfaceOrientationLandscapeRight UIInterfaceOrientationPortrait UIInterfaceOrientationPortraitUpsideDown";
				IPHONEOS_DEPLOYMENT_TARGET = 13.0;
				LD_RUNPATH_SEARCH_PATHS = (
					"$(inherited)",
					"@executable_path/Frameworks",
				);
				MARKETING_VERSION = 1.0;
				PRODUCT_BUNDLE_IDENTIFIER = com.testph.first;
				PRODUCT_NAME = "$(TARGET_NAME)";
				PROVISIONING_PROFILE_SPECIFIER = "";
				"PROVISIONING_PROFILE_SPECIFIER[sdk=iphoneos*]" = "Test PH1";
				SUPPORTED_PLATFORMS = "iphoneos iphonesimulator";
				SUPPORTS_MACCATALYST = NO;
				SUPPORTS_MAC_DESIGNED_FOR_IPHONE_IPAD = NO;
				SUPPORTS_XR_DESIGNED_FOR_IPHONE_IPAD = NO;
				SWIFT_EMIT_LOC_STRINGS = YES;
				SWIFT_VERSION = 5.0;
				TARGETED_DEVICE_FAMILY = 1;
			};
			name = Debug;
		};
		18C426FD2C4A569E00A735A6 /* Release */ = {
			isa = XCBuildConfiguration;
			baseConfigurationReference = 87FE9930486DD2219D156F0F /* Pods-CreditLoan.release.xcconfig */;
			buildSettings = {
				ASSETCATALOG_COMPILER_APPICON_NAME = AppIcon;
				ASSETCATALOG_COMPILER_GLOBAL_ACCENT_COLOR_NAME = AccentColor;
				"CODE_SIGN_IDENTITY[sdk=iphoneos*]" = "iPhone Developer";
				CODE_SIGN_STYLE = Manual;
				CURRENT_PROJECT_VERSION = 1;
				DEVELOPMENT_TEAM = "";
				"DEVELOPMENT_TEAM[sdk=iphoneos*]" = 2F6XZMZ52M;
				ENABLE_USER_SCRIPT_SANDBOXING = NO;
				GENERATE_INFOPLIST_FILE = YES;
				INFOPLIST_FILE = CreditLoan/Info.plist;
				INFOPLIST_KEY_CFBundleDisplayName = "Credit Loan";
				INFOPLIST_KEY_UIApplicationSupportsIndirectInputEvents = YES;
				INFOPLIST_KEY_UILaunchStoryboardName = LaunchScreen;
				INFOPLIST_KEY_UISupportedInterfaceOrientations = UIInterfaceOrientationPortrait;
				INFOPLIST_KEY_UISupportedInterfaceOrientations_iPad = "UIInterfaceOrientationLandscapeLeft UIInterfaceOrientationLandscapeRight UIInterfaceOrientationPortrait UIInterfaceOrientationPortraitUpsideDown";
				IPHONEOS_DEPLOYMENT_TARGET = 13.0;
				LD_RUNPATH_SEARCH_PATHS = (
					"$(inherited)",
					"@executable_path/Frameworks",
				);
				MARKETING_VERSION = 1.0;
				PRODUCT_BUNDLE_IDENTIFIER = com.testph.first;
				PRODUCT_NAME = "$(TARGET_NAME)";
				PROVISIONING_PROFILE_SPECIFIER = "";
				"PROVISIONING_PROFILE_SPECIFIER[sdk=iphoneos*]" = "Test PH1";
				SUPPORTED_PLATFORMS = "iphoneos iphonesimulator";
				SUPPORTS_MACCATALYST = NO;
				SUPPORTS_MAC_DESIGNED_FOR_IPHONE_IPAD = NO;
				SUPPORTS_XR_DESIGNED_FOR_IPHONE_IPAD = NO;
				SWIFT_EMIT_LOC_STRINGS = YES;
				SWIFT_VERSION = 5.0;
				TARGETED_DEVICE_FAMILY = 1;
			};
			name = Release;
		};
/* End XCBuildConfiguration section */

/* Begin XCConfigurationList section */
		18C426E22C4A569D00A735A6 /* Build configuration list for PBXProject "CreditLoan" */ = {
			isa = XCConfigurationList;
			buildConfigurations = (
				18C426F92C4A569E00A735A6 /* Debug */,
				18C426FA2C4A569E00A735A6 /* Release */,
			);
			defaultConfigurationIsVisible = 0;
			defaultConfigurationName = Release;
		};
		18C426FB2C4A569E00A735A6 /* Build configuration list for PBXNativeTarget "CreditLoan" */ = {
			isa = XCConfigurationList;
			buildConfigurations = (
				18C426FC2C4A569E00A735A6 /* Debug */,
				18C426FD2C4A569E00A735A6 /* Release */,
			);
			defaultConfigurationIsVisible = 0;
			defaultConfigurationName = Release;
		};
/* End XCConfigurationList section */
	};
	rootObject = 18C426DF2C4A569D00A735A6 /* Project object */;
}
